{
  "requires": true,
  "lockfileVersion": 1,
  "dependencies": {
    "@types/geojson": {
      "version": "7946.0.7",
      "resolved": "https://registry.npmjs.org/@types/geojson/-/geojson-7946.0.7.tgz",
      "integrity": "sha512-wE2v81i4C4Ol09RtsWFAqg3BUitWbHSpSlIo+bNdsCJijO9sjme+zm+73ZMCa/qMC8UEERxzGbvmr1cffo2SiQ==",
      "dev": true
    },
    "@types/leaflet": {
      "version": "1.5.12",
      "resolved": "https://registry.npmjs.org/@types/leaflet/-/leaflet-1.5.12.tgz",
      "integrity": "sha512-61HRMIng+bWvnnAIqUWLBlrd/TQZc4gU+gN1JL4K47EDtwIrcMEhWgi7PdcpbG1YmpH4F0EfOimkvV82gJIl9w==",
      "dev": true,
      "requires": {
        "@types/geojson": "*"
      }
    },
    "@types/leaflet-geosearch": {
      "version": "2.7.1",
      "resolved": "https://registry.npmjs.org/@types/leaflet-geosearch/-/leaflet-geosearch-2.7.1.tgz",
      "integrity": "sha512-rEn1vXoAbTU5wYH8fAoenxJ0gvkxq0Er5I5sV9HuUukUAacuO1QF9ZtN0EaenV4gnTnpYlQhFPLSW+VqhRFjhA==",
      "dev": true,
      "requires": {
        "@types/leaflet": "*"
      }
    },
    "leaflet": {
      "version": "1.6.0",
      "resolved": "https://registry.npmjs.org/leaflet/-/leaflet-1.6.0.tgz",
      "integrity": "sha512-CPkhyqWUKZKFJ6K8umN5/D2wrJ2+/8UIpXppY7QDnUZW5bZL5+SEI2J7GBpwh4LIupOKqbNSQXgqmrEJopHVNQ==",
      "optional": true
    },
    "leaflet-geosearch": {
      "version": "3.0.6",
      "resolved": "https://registry.npmjs.org/leaflet-geosearch/-/leaflet-geosearch-3.0.6.tgz",
      "integrity": "sha512-G9ix2byaI3e/p+LsarBTju1F3y9PgWO3v7az3C8s023LZtFfJ++eeCqEq9CPvDn7xfhVAXDy0qufGYqaNLgrvg==",
      "requires": {
        "leaflet": "^1.6.0"
      }
    }
  }
}
